
Microsoft Visual Studio Solution File, Format Version 12.00
# Visual Studio Version 16
VisualStudioVersion = 16.0.31313.79
MinimumVisualStudioVersion = 10.0.40219.1
Project("{FAE04EC0-301F-11D3-BF4B-00C04F79EFBC}") = "ValidationPrototype", "ValidationPrototype\ValidationPrototype.csproj", "{E455C32B-6D1C-44D3-BF8F-CABC6746A3CC}"
EndProject
Global
	GlobalSection(SolutionConfigurationPlatforms) = preSolution
		Debug|Any CPU = Debug|Any CPU
		Release|Any CPU = Release|Any CPU
	EndGlobalSection
	GlobalSection(ProjectConfigurationPlatforms) = postSolution
		{E455C32B-6D1C-44D3-BF8F-CABC6746A3CC}.Debug|Any CPU.ActiveCfg = Debug|Any CPU
		{E455C32B-6D1C-44D3-BF8F-CABC6746A3CC}.Debug|Any CPU.Build.0 = Debug|Any CPU
		{E455C32B-6D1C-44D3-BF8F-CABC6746A3CC}.Release|Any CPU.ActiveCfg = Release|Any CPU
		{E455C32B-6D1C-44D3-BF8F-CABC6746A3CC}.Release|Any CPU.Build.0 = Release|Any CPU
	EndGlobalSection
	GlobalSection(SolutionProperties) = preSolution
		HideSolutionNode = FALSE
	EndGlobalSection
	GlobalSection(ExtensibilityGlobals) = postSolution
		SolutionGuid = {689EFB11-227A-471B-8B80-933F2D100DE3}
	EndGlobalSection
EndGlobal
